// !$*UTF8*$!
{
	archiveVersion = 1;
	classes = {
	};
	objectVersion = 56;
	objects = {

/* Begin PBXBuildFile section */
		421888422BB076A800FF9B86 /* DFitsApp.swift in Sources */ = {isa = PBXBuildFile; fileRef = 421888412BB076A800FF9B86 /* DFitsApp.swift */; };
		421888442BB076A800FF9B86 /* ContentView.swift in Sources */ = {isa = PBXBuildFile; fileRef = 421888432BB076A800FF9B86 /* ContentView.swift */; };
		421888462BB076A900FF9B86 /* Assets.xcassets in Resources */ = {isa = PBXBuildFile; fileRef = 421888452BB076A900FF9B86 /* Assets.xcassets */; };
		421888492BB076A900FF9B86 /* Preview Assets.xcassets in Resources */ = {isa = PBXBuildFile; fileRef = 421888482BB076A900FF9B86 /* Preview Assets.xcassets */; };
		421888532BB076A900FF9B86 /* DFitsTests.swift in Sources */ = {isa = PBXBuildFile; fileRef = 421888522BB076A900FF9B86 /* DFitsTests.swift */; };
		4218885D2BB076A900FF9B86 /* DFitsUITests.swift in Sources */ = {isa = PBXBuildFile; fileRef = 4218885C2BB076A900FF9B86 /* DFitsUITests.swift */; };
		4218885F2BB076A900FF9B86 /* DFitsUITestsLaunchTests.swift in Sources */ = {isa = PBXBuildFile; fileRef = 4218885E2BB076A900FF9B86 /* DFitsUITestsLaunchTests.swift */; };
		424452A12BB9411500E7D836 /* CartButtonDataModel.swift in Sources */ = {isa = PBXBuildFile; fileRef = 424452A02BB9411500E7D836 /* CartButtonDataModel.swift */; };
		424452A32BB9413000E7D836 /* OrderDataModel.swift in Sources */ = {isa = PBXBuildFile; fileRef = 424452A22BB9413000E7D836 /* OrderDataModel.swift */; };
		424452A52BB9414300E7D836 /* PurchaseDataModel.swift in Sources */ = {isa = PBXBuildFile; fileRef = 424452A42BB9414300E7D836 /* PurchaseDataModel.swift */; };
		424452A72BB9415D00E7D836 /* OrderItemDataModel.swift in Sources */ = {isa = PBXBuildFile; fileRef = 424452A62BB9415D00E7D836 /* OrderItemDataModel.swift */; };
		424452A92BB9418500E7D836 /* PurchaseViewModel.swift in Sources */ = {isa = PBXBuildFile; fileRef = 424452A82BB9418500E7D836 /* PurchaseViewModel.swift */; };
		424452AB2BB942CF00E7D836 /* PurchaseView.swift in Sources */ = {isa = PBXBuildFile; fileRef = 424452AA2BB942CF00E7D836 /* PurchaseView.swift */; };
		424452AD2BB977DD00E7D836 /* UserDataModel.swift in Sources */ = {isa = PBXBuildFile; fileRef = 424452AC2BB977DD00E7D836 /* UserDataModel.swift */; };
		424452AF2BB978D200E7D836 /* SideMenuView.swift in Sources */ = {isa = PBXBuildFile; fileRef = 424452AE2BB978D200E7D836 /* SideMenuView.swift */; };
		424452B22BB97EFC00E7D836 /* Drawer in Frameworks */ = {isa = PBXBuildFile; productRef = 424452B12BB97EFC00E7D836 /* Drawer */; };
		425E3C8E2BB7EF32004E1E16 /* SignUpDataModel.swift in Sources */ = {isa = PBXBuildFile; fileRef = 425E3C8D2BB7EF32004E1E16 /* SignUpDataModel.swift */; };
		425E3C902BB7EF49004E1E16 /* CategoryDataModel.swift in Sources */ = {isa = PBXBuildFile; fileRef = 425E3C8F2BB7EF49004E1E16 /* CategoryDataModel.swift */; };
		425E3C922BB7EF62004E1E16 /* FavouriteDataModel.swift in Sources */ = {isa = PBXBuildFile; fileRef = 425E3C912BB7EF62004E1E16 /* FavouriteDataModel.swift */; };
		425E3C942BB7EF7A004E1E16 /* ItemDetailDataModel.swift in Sources */ = {isa = PBXBuildFile; fileRef = 425E3C932BB7EF7A004E1E16 /* ItemDetailDataModel.swift */; };
		425E3C962BB7F3E5004E1E16 /* SignUpViewModel.swift in Sources */ = {isa = PBXBuildFile; fileRef = 425E3C952BB7F3E5004E1E16 /* SignUpViewModel.swift */; };
		425E3C982BB7F400004E1E16 /* CategoryViewModel.swift in Sources */ = {isa = PBXBuildFile; fileRef = 425E3C972BB7F400004E1E16 /* CategoryViewModel.swift */; };
		425E3C9A2BB7F419004E1E16 /* ItemDetailViewModel.swift in Sources */ = {isa = PBXBuildFile; fileRef = 425E3C992BB7F419004E1E16 /* ItemDetailViewModel.swift */; };
		425E3C9C2BB7F9DC004E1E16 /* ItemDetailView.swift in Sources */ = {isa = PBXBuildFile; fileRef = 425E3C9B2BB7F9DC004E1E16 /* ItemDetailView.swift */; };
		428C6BAE2BB09CA100E655AB /* HomeDataModel.swift in Sources */ = {isa = PBXBuildFile; fileRef = 428C6BAD2BB09CA100E655AB /* HomeDataModel.swift */; };
		428C6BB02BB09CAE00E655AB /* CartDataModel.swift in Sources */ = {isa = PBXBuildFile; fileRef = 428C6BAF2BB09CAD00E655AB /* CartDataModel.swift */; };
		428C6BB22BB09CBF00E655AB /* ItemDataModel.swift in Sources */ = {isa = PBXBuildFile; fileRef = 428C6BB12BB09CBF00E655AB /* ItemDataModel.swift */; };
		428C6BB42BB09CD800E655AB /* WelcomeView.swift in Sources */ = {isa = PBXBuildFile; fileRef = 428C6BB32BB09CD800E655AB /* WelcomeView.swift */; };
		428C6BB62BB09CE500E655AB /* HomeView.swift in Sources */ = {isa = PBXBuildFile; fileRef = 428C6BB52BB09CE500E655AB /* HomeView.swift */; };
		428C6BB82BB09CEF00E655AB /* ItemView.swift in Sources */ = {isa = PBXBuildFile; fileRef = 428C6BB72BB09CEF00E655AB /* ItemView.swift */; };
		428C6BBA2BB09D0600E655AB /* CartView.swift in Sources */ = {isa = PBXBuildFile; fileRef = 428C6BB92BB09D0600E655AB /* CartView.swift */; };
		428C6BBC2BB09D1300E655AB /* FavouriteView.swift in Sources */ = {isa = PBXBuildFile; fileRef = 428C6BBB2BB09D1300E655AB /* FavouriteView.swift */; };
		428C6BBE2BB09D1F00E655AB /* NotificationView.swift in Sources */ = {isa = PBXBuildFile; fileRef = 428C6BBD2BB09D1F00E655AB /* NotificationView.swift */; };
		428C6BC02BB09D4C00E655AB /* DashboardView.swift in Sources */ = {isa = PBXBuildFile; fileRef = 428C6BBF2BB09D4C00E655AB /* DashboardView.swift */; };
		428C6BC22BB09D5600E655AB /* UserView.swift in Sources */ = {isa = PBXBuildFile; fileRef = 428C6BC12BB09D5600E655AB /* UserView.swift */; };
		428C6BC62BB09D7600E655AB /* LoginView.swift in Sources */ = {isa = PBXBuildFile; fileRef = 428C6BC52BB09D7600E655AB /* LoginView.swift */; };
		428C6BC82BB09D9600E655AB /* HomeViewModel.swift in Sources */ = {isa = PBXBuildFile; fileRef = 428C6BC72BB09D9600E655AB /* HomeViewModel.swift */; };
		428C6BCA2BB09DA100E655AB /* CartViewModel.swift in Sources */ = {isa = PBXBuildFile; fileRef = 428C6BC92BB09DA100E655AB /* CartViewModel.swift */; };
		428C6BCC2BB09DAC00E655AB /* ItemViewModel.swift in Sources */ = {isa = PBXBuildFile; fileRef = 428C6BCB2BB09DAC00E655AB /* ItemViewModel.swift */; };
		428C6BCE2BB09DB600E655AB /* UserViewModel.swift in Sources */ = {isa = PBXBuildFile; fileRef = 428C6BCD2BB09DB600E655AB /* UserViewModel.swift */; };
		428C6BD02BB09DD000E655AB /* CartItemCard.swift in Sources */ = {isa = PBXBuildFile; fileRef = 428C6BCF2BB09DD000E655AB /* CartItemCard.swift */; };
		428C6BD22BB09DDB00E655AB /* CartButton.swift in Sources */ = {isa = PBXBuildFile; fileRef = 428C6BD12BB09DDB00E655AB /* CartButton.swift */; };
		428C6BD42BB09DF200E655AB /* ClothingCard.swift in Sources */ = {isa = PBXBuildFile; fileRef = 428C6BD32BB09DF200E655AB /* ClothingCard.swift */; };
		428C6BD62BB09E0800E655AB /* UserInputView.swift in Sources */ = {isa = PBXBuildFile; fileRef = 428C6BD52BB09E0800E655AB /* UserInputView.swift */; };
		428C6BE62BB14E4B00E655AB /* SignUpView.swift in Sources */ = {isa = PBXBuildFile; fileRef = 428C6BE52BB14E4B00E655AB /* SignUpView.swift */; };
		428C6BE82BB1B9D000E655AB /* FavouriteViewModel.swift in Sources */ = {isa = PBXBuildFile; fileRef = 428C6BE72BB1B9D000E655AB /* FavouriteViewModel.swift */; };
		428C6BF42BB4C11600E655AB /* FavouriteItemCard.swift in Sources */ = {isa = PBXBuildFile; fileRef = 428C6BF32BB4C11600E655AB /* FavouriteItemCard.swift */; };
/* End PBXBuildFile section */

/* Begin PBXContainerItemProxy section */
		4218884F2BB076A900FF9B86 /* PBXContainerItemProxy */ = {
			isa = PBXContainerItemProxy;
			containerPortal = 421888362BB076A800FF9B86 /* Project object */;
			proxyType = 1;
			remoteGlobalIDString = 4218883D2BB076A800FF9B86;
			remoteInfo = DFits;
		};
		421888592BB076A900FF9B86 /* PBXContainerItemProxy */ = {
			isa = PBXContainerItemProxy;
			containerPortal = 421888362BB076A800FF9B86 /* Project object */;
			proxyType = 1;
			remoteGlobalIDString = 4218883D2BB076A800FF9B86;
			remoteInfo = DFits;
		};
/* End PBXContainerItemProxy section */

/* Begin PBXFileReference section */
		4218883E2BB076A800FF9B86 /* DFits.app */ = {isa = PBXFileReference; explicitFileType = wrapper.application; includeInIndex = 0; path = DFits.app; sourceTree = BUILT_PRODUCTS_DIR; };
		421888412BB076A800FF9B86 /* DFitsApp.swift */ = {isa = PBXFileReference; lastKnownFileType = sourcecode.swift; path = DFitsApp.swift; sourceTree = "<group>"; };
		421888432BB076A800FF9B86 /* ContentView.swift */ = {isa = PBXFileReference; lastKnownFileType = sourcecode.swift; path = ContentView.swift; sourceTree = "<group>"; };
		421888452BB076A900FF9B86 /* Assets.xcassets */ = {isa = PBXFileReference; lastKnownFileType = folder.assetcatalog; path = Assets.xcassets; sourceTree = "<group>"; };
		421888482BB076A900FF9B86 /* Preview Assets.xcassets */ = {isa = PBXFileReference; lastKnownFileType = folder.assetcatalog; path = "Preview Assets.xcassets"; sourceTree = "<group>"; };
		4218884E2BB076A900FF9B86 /* DFitsTests.xctest */ = {isa = PBXFileReference; explicitFileType = wrapper.cfbundle; includeInIndex = 0; path = DFitsTests.xctest; sourceTree = BUILT_PRODUCTS_DIR; };
		421888522BB076A900FF9B86 /* DFitsTests.swift */ = {isa = PBXFileReference; lastKnownFileType = sourcecode.swift; path = DFitsTests.swift; sourceTree = "<group>"; };
		421888582BB076A900FF9B86 /* DFitsUITests.xctest */ = {isa = PBXFileReference; explicitFileType = wrapper.cfbundle; includeInIndex = 0; path = DFitsUITests.xctest; sourceTree = BUILT_PRODUCTS_DIR; };
		4218885C2BB076A900FF9B86 /* DFitsUITests.swift */ = {isa = PBXFileReference; lastKnownFileType = sourcecode.swift; path = DFitsUITests.swift; sourceTree = "<group>"; };
		4218885E2BB076A900FF9B86 /* DFitsUITestsLaunchTests.swift */ = {isa = PBXFileReference; lastKnownFileType = sourcecode.swift; path = DFitsUITestsLaunchTests.swift; sourceTree = "<group>"; };
		424452A02BB9411500E7D836 /* CartButtonDataModel.swift */ = {isa = PBXFileReference; lastKnownFileType = sourcecode.swift; path = CartButtonDataModel.swift; sourceTree = "<group>"; };
		424452A22BB9413000E7D836 /* OrderDataModel.swift */ = {isa = PBXFileReference; lastKnownFileType = sourcecode.swift; path = OrderDataModel.swift; sourceTree = "<group>"; };
		424452A42BB9414300E7D836 /* PurchaseDataModel.swift */ = {isa = PBXFileReference; lastKnownFileType = sourcecode.swift; path = PurchaseDataModel.swift; sourceTree = "<group>"; };
		424452A62BB9415D00E7D836 /* OrderItemDataModel.swift */ = {isa = PBXFileReference; lastKnownFileType = sourcecode.swift; path = OrderItemDataModel.swift; sourceTree = "<group>"; };
		424452A82BB9418500E7D836 /* PurchaseViewModel.swift */ = {isa = PBXFileReference; lastKnownFileType = sourcecode.swift; path = PurchaseViewModel.swift; sourceTree = "<group>"; };
		424452AA2BB942CF00E7D836 /* PurchaseView.swift */ = {isa = PBXFileReference; lastKnownFileType = sourcecode.swift; path = PurchaseView.swift; sourceTree = "<group>"; };
		424452AC2BB977DD00E7D836 /* UserDataModel.swift */ = {isa = PBXFileReference; lastKnownFileType = sourcecode.swift; path = UserDataModel.swift; sourceTree = "<group>"; };
		424452AE2BB978D200E7D836 /* SideMenuView.swift */ = {isa = PBXFileReference; lastKnownFileType = sourcecode.swift; path = SideMenuView.swift; sourceTree = "<group>"; };
		425E3C8D2BB7EF32004E1E16 /* SignUpDataModel.swift */ = {isa = PBXFileReference; lastKnownFileType = sourcecode.swift; path = SignUpDataModel.swift; sourceTree = "<group>"; };
		425E3C8F2BB7EF49004E1E16 /* CategoryDataModel.swift */ = {isa = PBXFileReference; lastKnownFileType = sourcecode.swift; path = CategoryDataModel.swift; sourceTree = "<group>"; };
		425E3C912BB7EF62004E1E16 /* FavouriteDataModel.swift */ = {isa = PBXFileReference; lastKnownFileType = sourcecode.swift; path = FavouriteDataModel.swift; sourceTree = "<group>"; };
		425E3C932BB7EF7A004E1E16 /* ItemDetailDataModel.swift */ = {isa = PBXFileReference; lastKnownFileType = sourcecode.swift; path = ItemDetailDataModel.swift; sourceTree = "<group>"; };
		425E3C952BB7F3E5004E1E16 /* SignUpViewModel.swift */ = {isa = PBXFileReference; lastKnownFileType = sourcecode.swift; path = SignUpViewModel.swift; sourceTree = "<group>"; };
		425E3C972BB7F400004E1E16 /* CategoryViewModel.swift */ = {isa = PBXFileReference; lastKnownFileType = sourcecode.swift; path = CategoryViewModel.swift; sourceTree = "<group>"; };
		425E3C992BB7F419004E1E16 /* ItemDetailViewModel.swift */ = {isa = PBXFileReference; lastKnownFileType = sourcecode.swift; path = ItemDetailViewModel.swift; sourceTree = "<group>"; };
		425E3C9B2BB7F9DC004E1E16 /* ItemDetailView.swift */ = {isa = PBXFileReference; lastKnownFileType = sourcecode.swift; path = ItemDetailView.swift; sourceTree = "<group>"; };
		428C6BAD2BB09CA100E655AB /* HomeDataModel.swift */ = {isa = PBXFileReference; lastKnownFileType = sourcecode.swift; path = HomeDataModel.swift; sourceTree = "<group>"; };
		428C6BAF2BB09CAD00E655AB /* CartDataModel.swift */ = {isa = PBXFileReference; lastKnownFileType = sourcecode.swift; path = CartDataModel.swift; sourceTree = "<group>"; };
		428C6BB12BB09CBF00E655AB /* ItemDataModel.swift */ = {isa = PBXFileReference; lastKnownFileType = sourcecode.swift; path = ItemDataModel.swift; sourceTree = "<group>"; };
		428C6BB32BB09CD800E655AB /* WelcomeView.swift */ = {isa = PBXFileReference; lastKnownFileType = sourcecode.swift; path = WelcomeView.swift; sourceTree = "<group>"; };
		428C6BB52BB09CE500E655AB /* HomeView.swift */ = {isa = PBXFileReference; lastKnownFileType = sourcecode.swift; path = HomeView.swift; sourceTree = "<group>"; };
		428C6BB72BB09CEF00E655AB /* ItemView.swift */ = {isa = PBXFileReference; lastKnownFileType = sourcecode.swift; path = ItemView.swift; sourceTree = "<group>"; };
		428C6BB92BB09D0600E655AB /* CartView.swift */ = {isa = PBXFileReference; lastKnownFileType = sourcecode.swift; path = CartView.swift; sourceTree = "<group>"; };
		428C6BBB2BB09D1300E655AB /* FavouriteView.swift */ = {isa = PBXFileReference; lastKnownFileType = sourcecode.swift; path = FavouriteView.swift; sourceTree = "<group>"; };
		428C6BBD2BB09D1F00E655AB /* NotificationView.swift */ = {isa = PBXFileReference; lastKnownFileType = sourcecode.swift; path = NotificationView.swift; sourceTree = "<group>"; };
		428C6BBF2BB09D4C00E655AB /* DashboardView.swift */ = {isa = PBXFileReference; lastKnownFileType = sourcecode.swift; path = DashboardView.swift; sourceTree = "<group>"; };
		428C6BC12BB09D5600E655AB /* UserView.swift */ = {isa = PBXFileReference; lastKnownFileType = sourcecode.swift; path = UserView.swift; sourceTree = "<group>"; };
		428C6BC52BB09D7600E655AB /* LoginView.swift */ = {isa = PBXFileReference; lastKnownFileType = sourcecode.swift; path = LoginView.swift; sourceTree = "<group>"; };
		428C6BC72BB09D9600E655AB /* HomeViewModel.swift */ = {isa = PBXFileReference; lastKnownFileType = sourcecode.swift; path = HomeViewModel.swift; sourceTree = "<group>"; };
		428C6BC92BB09DA100E655AB /* CartViewModel.swift */ = {isa = PBXFileReference; lastKnownFileType = sourcecode.swift; path = CartViewModel.swift; sourceTree = "<group>"; };
		428C6BCB2BB09DAC00E655AB /* ItemViewModel.swift */ = {isa = PBXFileReference; lastKnownFileType = sourcecode.swift; path = ItemViewModel.swift; sourceTree = "<group>"; };
		428C6BCD2BB09DB600E655AB /* UserViewModel.swift */ = {isa = PBXFileReference; lastKnownFileType = sourcecode.swift; path = UserViewModel.swift; sourceTree = "<group>"; };
		428C6BCF2BB09DD000E655AB /* CartItemCard.swift */ = {isa = PBXFileReference; lastKnownFileType = sourcecode.swift; path = CartItemCard.swift; sourceTree = "<group>"; };
		428C6BD12BB09DDB00E655AB /* CartButton.swift */ = {isa = PBXFileReference; lastKnownFileType = sourcecode.swift; path = CartButton.swift; sourceTree = "<group>"; };
		428C6BD32BB09DF200E655AB /* ClothingCard.swift */ = {isa = PBXFileReference; lastKnownFileType = sourcecode.swift; path = ClothingCard.swift; sourceTree = "<group>"; };
		428C6BD52BB09E0800E655AB /* UserInputView.swift */ = {isa = PBXFileReference; lastKnownFileType = sourcecode.swift; path = UserInputView.swift; sourceTree = "<group>"; };
		428C6BE52BB14E4B00E655AB /* SignUpView.swift */ = {isa = PBXFileReference; lastKnownFileType = sourcecode.swift; path = SignUpView.swift; sourceTree = "<group>"; };
		428C6BE72BB1B9D000E655AB /* FavouriteViewModel.swift */ = {isa = PBXFileReference; lastKnownFileType = sourcecode.swift; path = FavouriteViewModel.swift; sourceTree = "<group>"; };
		428C6BF32BB4C11600E655AB /* FavouriteItemCard.swift */ = {isa = PBXFileReference; lastKnownFileType = sourcecode.swift; path = FavouriteItemCard.swift; sourceTree = "<group>"; };
/* End PBXFileReference section */

/* Begin PBXFrameworksBuildPhase section */
		4218883B2BB076A800FF9B86 /* Frameworks */ = {
			isa = PBXFrameworksBuildPhase;
			buildActionMask = 2147483647;
			files = (
				424452B22BB97EFC00E7D836 /* Drawer in Frameworks */,
			);
			runOnlyForDeploymentPostprocessing = 0;
		};
		4218884B2BB076A900FF9B86 /* Frameworks */ = {
			isa = PBXFrameworksBuildPhase;
			buildActionMask = 2147483647;
			files = (
			);
			runOnlyForDeploymentPostprocessing = 0;
		};
		421888552BB076A900FF9B86 /* Frameworks */ = {
			isa = PBXFrameworksBuildPhase;
			buildActionMask = 2147483647;
			files = (
			);
			runOnlyForDeploymentPostprocessing = 0;
		};
/* End PBXFrameworksBuildPhase section */

/* Begin PBXGroup section */
		421888352BB076A800FF9B86 = {
			isa = PBXGroup;
			children = (
				421888402BB076A800FF9B86 /* DFits */,
				421888512BB076A900FF9B86 /* DFitsTests */,
				4218885B2BB076A900FF9B86 /* DFitsUITests */,
				4218883F2BB076A800FF9B86 /* Products */,
			);
			sourceTree = "<group>";
		};
		4218883F2BB076A800FF9B86 /* Products */ = {
			isa = PBXGroup;
			children = (
				4218883E2BB076A800FF9B86 /* DFits.app */,
				4218884E2BB076A900FF9B86 /* DFitsTests.xctest */,
				421888582BB076A900FF9B86 /* DFitsUITests.xctest */,
			);
			name = Products;
			sourceTree = "<group>";
		};
		421888402BB076A800FF9B86 /* DFits */ = {
			isa = PBXGroup;
			children = (
				428C6BAC2BB09C7400E655AB /* Models */,
				428C6BAA2BB09C5800E655AB /* Views */,
				428C6BA92BB09C4D00E655AB /* ViewModels */,
				428C6BA82BB09C3100E655AB /* Components */,
				421888412BB076A800FF9B86 /* DFitsApp.swift */,
				421888432BB076A800FF9B86 /* ContentView.swift */,
				421888452BB076A900FF9B86 /* Assets.xcassets */,
				421888472BB076A900FF9B86 /* Preview Content */,
			);
			path = DFits;
			sourceTree = "<group>";
		};
		421888472BB076A900FF9B86 /* Preview Content */ = {
			isa = PBXGroup;
			children = (
				421888482BB076A900FF9B86 /* Preview Assets.xcassets */,
			);
			path = "Preview Content";
			sourceTree = "<group>";
		};
		421888512BB076A900FF9B86 /* DFitsTests */ = {
			isa = PBXGroup;
			children = (
				421888522BB076A900FF9B86 /* DFitsTests.swift */,
			);
			path = DFitsTests;
			sourceTree = "<group>";
		};
		4218885B2BB076A900FF9B86 /* DFitsUITests */ = {
			isa = PBXGroup;
			children = (
				4218885C2BB076A900FF9B86 /* DFitsUITests.swift */,
				4218885E2BB076A900FF9B86 /* DFitsUITestsLaunchTests.swift */,
			);
			path = DFitsUITests;
			sourceTree = "<group>";
		};
		428C6BA82BB09C3100E655AB /* Components */ = {
			isa = PBXGroup;
			children = (
				428C6BCF2BB09DD000E655AB /* CartItemCard.swift */,
				428C6BD12BB09DDB00E655AB /* CartButton.swift */,
				428C6BD32BB09DF200E655AB /* ClothingCard.swift */,
				428C6BD52BB09E0800E655AB /* UserInputView.swift */,
				428C6BF32BB4C11600E655AB /* FavouriteItemCard.swift */,
			);
			path = Components;
			sourceTree = "<group>";
		};
		428C6BA92BB09C4D00E655AB /* ViewModels */ = {
			isa = PBXGroup;
			children = (
				428C6BC72BB09D9600E655AB /* HomeViewModel.swift */,
				428C6BC92BB09DA100E655AB /* CartViewModel.swift */,
				428C6BCB2BB09DAC00E655AB /* ItemViewModel.swift */,
				428C6BCD2BB09DB600E655AB /* UserViewModel.swift */,
				428C6BE72BB1B9D000E655AB /* FavouriteViewModel.swift */,
				425E3C952BB7F3E5004E1E16 /* SignUpViewModel.swift */,
				425E3C972BB7F400004E1E16 /* CategoryViewModel.swift */,
				425E3C992BB7F419004E1E16 /* ItemDetailViewModel.swift */,
				424452A82BB9418500E7D836 /* PurchaseViewModel.swift */,
			);
			path = ViewModels;
			sourceTree = "<group>";
		};
		428C6BAA2BB09C5800E655AB /* Views */ = {
			isa = PBXGroup;
			children = (
				428C6BB32BB09CD800E655AB /* WelcomeView.swift */,
				428C6BB52BB09CE500E655AB /* HomeView.swift */,
				428C6BB72BB09CEF00E655AB /* ItemView.swift */,
				428C6BB92BB09D0600E655AB /* CartView.swift */,
				428C6BBB2BB09D1300E655AB /* FavouriteView.swift */,
				428C6BBD2BB09D1F00E655AB /* NotificationView.swift */,
				428C6BBF2BB09D4C00E655AB /* DashboardView.swift */,
				428C6BC12BB09D5600E655AB /* UserView.swift */,
				428C6BC52BB09D7600E655AB /* LoginView.swift */,
				428C6BE52BB14E4B00E655AB /* SignUpView.swift */,
				425E3C9B2BB7F9DC004E1E16 /* ItemDetailView.swift */,
				424452AA2BB942CF00E7D836 /* PurchaseView.swift */,
				424452AE2BB978D200E7D836 /* SideMenuView.swift */,
			);
			path = Views;
			sourceTree = "<group>";
		};
		428C6BAC2BB09C7400E655AB /* Models */ = {
			isa = PBXGroup;
			children = (
				428C6BAD2BB09CA100E655AB /* HomeDataModel.swift */,
				428C6BAF2BB09CAD00E655AB /* CartDataModel.swift */,
				428C6BB12BB09CBF00E655AB /* ItemDataModel.swift */,
				425E3C8D2BB7EF32004E1E16 /* SignUpDataModel.swift */,
				425E3C8F2BB7EF49004E1E16 /* CategoryDataModel.swift */,
				425E3C912BB7EF62004E1E16 /* FavouriteDataModel.swift */,
				425E3C932BB7EF7A004E1E16 /* ItemDetailDataModel.swift */,
				424452A02BB9411500E7D836 /* CartButtonDataModel.swift */,
				424452A22BB9413000E7D836 /* OrderDataModel.swift */,
				424452A42BB9414300E7D836 /* PurchaseDataModel.swift */,
				424452A62BB9415D00E7D836 /* OrderItemDataModel.swift */,
				424452AC2BB977DD00E7D836 /* UserDataModel.swift */,
			);
			path = Models;
			sourceTree = "<group>";
		};
/* End PBXGroup section */

/* Begin PBXNativeTarget section */
		4218883D2BB076A800FF9B86 /* DFits */ = {
			isa = PBXNativeTarget;
			buildConfigurationList = 421888622BB076A900FF9B86 /* Build configuration list for PBXNativeTarget "DFits" */;
			buildPhases = (
				4218883A2BB076A800FF9B86 /* Sources */,
				4218883B2BB076A800FF9B86 /* Frameworks */,
				4218883C2BB076A800FF9B86 /* Resources */,
			);
			buildRules = (
			);
			dependencies = (
			);
			name = DFits;
			packageProductDependencies = (
				424452B12BB97EFC00E7D836 /* Drawer */,
			);
			productName = DFits;
			productReference = 4218883E2BB076A800FF9B86 /* DFits.app */;
			productType = "com.apple.product-type.application";
		};
		4218884D2BB076A900FF9B86 /* DFitsTests */ = {
			isa = PBXNativeTarget;
			buildConfigurationList = 421888652BB076A900FF9B86 /* Build configuration list for PBXNativeTarget "DFitsTests" */;
			buildPhases = (
				4218884A2BB076A900FF9B86 /* Sources */,
				4218884B2BB076A900FF9B86 /* Frameworks */,
				4218884C2BB076A900FF9B86 /* Resources */,
			);
			buildRules = (
			);
			dependencies = (
				421888502BB076A900FF9B86 /* PBXTargetDependency */,
			);
			name = DFitsTests;
			productName = DFitsTests;
			productReference = 4218884E2BB076A900FF9B86 /* DFitsTests.xctest */;
			productType = "com.apple.product-type.bundle.unit-test";
		};
		421888572BB076A900FF9B86 /* DFitsUITests */ = {
			isa = PBXNativeTarget;
			buildConfigurationList = 421888682BB076A900FF9B86 /* Build configuration list for PBXNativeTarget "DFitsUITests" */;
			buildPhases = (
				421888542BB076A900FF9B86 /* Sources */,
				421888552BB076A900FF9B86 /* Frameworks */,
				421888562BB076A900FF9B86 /* Resources */,
			);
			buildRules = (
			);
			dependencies = (
				4218885A2BB076A900FF9B86 /* PBXTargetDependency */,
			);
			name = DFitsUITests;
			productName = DFitsUITests;
			productReference = 421888582BB076A900FF9B86 /* DFitsUITests.xctest */;
			productType = "com.apple.product-type.bundle.ui-testing";
		};
/* End PBXNativeTarget section */

/* Begin PBXProject section */
		421888362BB076A800FF9B86 /* Project object */ = {
			isa = PBXProject;
			attributes = {
				BuildIndependentTargetsInParallel = 1;
				LastSwiftUpdateCheck = 1510;
				LastUpgradeCheck = 1510;
				TargetAttributes = {
					4218883D2BB076A800FF9B86 = {
						CreatedOnToolsVersion = 15.1;
					};
					4218884D2BB076A900FF9B86 = {
						CreatedOnToolsVersion = 15.1;
						TestTargetID = 4218883D2BB076A800FF9B86;
					};
					421888572BB076A900FF9B86 = {
						CreatedOnToolsVersion = 15.1;
						TestTargetID = 4218883D2BB076A800FF9B86;
					};
				};
			};
			buildConfigurationList = 421888392BB076A800FF9B86 /* Build configuration list for PBXProject "DFits" */;
			compatibilityVersion = "Xcode 14.0";
			developmentRegion = en;
			hasScannedForEncodings = 0;
			knownRegions = (
				en,
				Base,
			);
			mainGroup = 421888352BB076A800FF9B86;
			packageReferences = (
				424452B02BB97EFC00E7D836 /* XCRemoteSwiftPackageReference "swiftui-drawer" */,
			);
			productRefGroup = 4218883F2BB076A800FF9B86 /* Products */;
			projectDirPath = "";
			projectRoot = "";
			targets = (
				4218883D2BB076A800FF9B86 /* DFits */,
				4218884D2BB076A900FF9B86 /* DFitsTests */,
				421888572BB076A900FF9B86 /* DFitsUITests */,
			);
		};
/* End PBXProject section */

/* Begin PBXResourcesBuildPhase section */
		4218883C2BB076A800FF9B86 /* Resources */ = {
			isa = PBXResourcesBuildPhase;
			buildActionMask = 2147483647;
			files = (
				421888492BB076A900FF9B86 /* Preview Assets.xcassets in Resources */,
				421888462BB076A900FF9B86 /* Assets.xcassets in Resources */,
			);
			runOnlyForDeploymentPostprocessing = 0;
		};
		4218884C2BB076A900FF9B86 /* Resources */ = {
			isa = PBXResourcesBuildPhase;
			buildActionMask = 2147483647;
			files = (
			);
			runOnlyForDeploymentPostprocessing = 0;
		};
		421888562BB076A900FF9B86 /* Resources */ = {
			isa = PBXResourcesBuildPhase;
			buildActionMask = 2147483647;
			files = (
			);
			runOnlyForDeploymentPostprocessing = 0;
		};
/* End PBXResourcesBuildPhase section */

/* Begin PBXSourcesBuildPhase section */
		4218883A2BB076A800FF9B86 /* Sources */ = {
			isa = PBXSourcesBuildPhase;
			buildActionMask = 2147483647;
			files = (
				428C6BD42BB09DF200E655AB /* ClothingCard.swift in Sources */,
				428C6BBA2BB09D0600E655AB /* CartView.swift in Sources */,
				425E3C9A2BB7F419004E1E16 /* ItemDetailViewModel.swift in Sources */,
				425E3C9C2BB7F9DC004E1E16 /* ItemDetailView.swift in Sources */,
				428C6BC02BB09D4C00E655AB /* DashboardView.swift in Sources */,
				428C6BF42BB4C11600E655AB /* FavouriteItemCard.swift in Sources */,
				428C6BC82BB09D9600E655AB /* HomeViewModel.swift in Sources */,
				425E3C982BB7F400004E1E16 /* CategoryViewModel.swift in Sources */,
				428C6BD02BB09DD000E655AB /* CartItemCard.swift in Sources */,
				424452AB2BB942CF00E7D836 /* PurchaseView.swift in Sources */,
				428C6BE62BB14E4B00E655AB /* SignUpView.swift in Sources */,
				428C6BD22BB09DDB00E655AB /* CartButton.swift in Sources */,
				425E3C942BB7EF7A004E1E16 /* ItemDetailDataModel.swift in Sources */,
				428C6BC62BB09D7600E655AB /* LoginView.swift in Sources */,
				428C6BCC2BB09DAC00E655AB /* ItemViewModel.swift in Sources */,
				421888442BB076A800FF9B86 /* ContentView.swift in Sources */,
				428C6BCA2BB09DA100E655AB /* CartViewModel.swift in Sources */,
				428C6BBC2BB09D1300E655AB /* FavouriteView.swift in Sources */,
				428C6BBE2BB09D1F00E655AB /* NotificationView.swift in Sources */,
				428C6BB62BB09CE500E655AB /* HomeView.swift in Sources */,
				425E3C922BB7EF62004E1E16 /* FavouriteDataModel.swift in Sources */,
				425E3C8E2BB7EF32004E1E16 /* SignUpDataModel.swift in Sources */,
				428C6BB42BB09CD800E655AB /* WelcomeView.swift in Sources */,
				428C6BB82BB09CEF00E655AB /* ItemView.swift in Sources */,
				424452A32BB9413000E7D836 /* OrderDataModel.swift in Sources */,
				425E3C902BB7EF49004E1E16 /* CategoryDataModel.swift in Sources */,
				428C6BCE2BB09DB600E655AB /* UserViewModel.swift in Sources */,
				424452AF2BB978D200E7D836 /* SideMenuView.swift in Sources */,
				425E3C962BB7F3E5004E1E16 /* SignUpViewModel.swift in Sources */,
				428C6BB22BB09CBF00E655AB /* ItemDataModel.swift in Sources */,
				424452A52BB9414300E7D836 /* PurchaseDataModel.swift in Sources */,
				424452A92BB9418500E7D836 /* PurchaseViewModel.swift in Sources */,
				424452A12BB9411500E7D836 /* CartButtonDataModel.swift in Sources */,
				424452AD2BB977DD00E7D836 /* UserDataModel.swift in Sources */,
				421888422BB076A800FF9B86 /* DFitsApp.swift in Sources */,
				428C6BD62BB09E0800E655AB /* UserInputView.swift in Sources */,
				428C6BE82BB1B9D000E655AB /* FavouriteViewModel.swift in Sources */,
				428C6BC22BB09D5600E655AB /* UserView.swift in Sources */,
				428C6BAE2BB09CA100E655AB /* HomeDataModel.swift in Sources */,
				424452A72BB9415D00E7D836 /* OrderItemDataModel.swift in Sources */,
				428C6BB02BB09CAE00E655AB /* CartDataModel.swift in Sources */,
			);
			runOnlyForDeploymentPostprocessing = 0;
		};
		4218884A2BB076A900FF9B86 /* Sources */ = {
			isa = PBXSourcesBuildPhase;
			buildActionMask = 2147483647;
			files = (
				421888532BB076A900FF9B86 /* DFitsTests.swift in Sources */,
			);
			runOnlyForDeploymentPostprocessing = 0;
		};
		421888542BB076A900FF9B86 /* Sources */ = {
			isa = PBXSourcesBuildPhase;
			buildActionMask = 2147483647;
			files = (
				4218885D2BB076A900FF9B86 /* DFitsUITests.swift in Sources */,
				4218885F2BB076A900FF9B86 /* DFitsUITestsLaunchTests.swift in Sources */,
			);
			runOnlyForDeploymentPostprocessing = 0;
		};
/* End PBXSourcesBuildPhase section */

/* Begin PBXTargetDependency section */
		421888502BB076A900FF9B86 /* PBXTargetDependency */ = {
			isa = PBXTargetDependency;
			target = 4218883D2BB076A800FF9B86 /* DFits */;
			targetProxy = 4218884F2BB076A900FF9B86 /* PBXContainerItemProxy */;
		};
		4218885A2BB076A900FF9B86 /* PBXTargetDependency */ = {
			isa = PBXTargetDependency;
			target = 4218883D2BB076A800FF9B86 /* DFits */;
			targetProxy = 421888592BB076A900FF9B86 /* PBXContainerItemProxy */;
		};
/* End PBXTargetDependency section */

/* Begin XCBuildConfiguration section */
		421888602BB076A900FF9B86 /* Debug */ = {
			isa = XCBuildConfiguration;
			buildSettings = {
				ALWAYS_SEARCH_USER_PATHS = NO;
				ASSETCATALOG_COMPILER_GENERATE_SWIFT_ASSET_SYMBOL_EXTENSIONS = YES;
				CLANG_ANALYZER_NONNULL = YES;
				CLANG_ANALYZER_NUMBER_OBJECT_CONVERSION = YES_AGGRESSIVE;
				CLANG_CXX_LANGUAGE_STANDARD = "gnu++20";
				CLANG_ENABLE_MODULES = YES;
				CLANG_ENABLE_OBJC_ARC = YES;
				CLANG_ENABLE_OBJC_WEAK = YES;
				CLANG_WARN_BLOCK_CAPTURE_AUTORELEASING = YES;
				CLANG_WARN_BOOL_CONVERSION = YES;
				CLANG_WARN_COMMA = YES;
				CLANG_WARN_CONSTANT_CONVERSION = YES;
				CLANG_WARN_DEPRECATED_OBJC_IMPLEMENTATIONS = YES;
				CLANG_WARN_DIRECT_OBJC_ISA_USAGE = YES_ERROR;
				CLANG_WARN_DOCUMENTATION_COMMENTS = YES;
				CLANG_WARN_EMPTY_BODY = YES;
				CLANG_WARN_ENUM_CONVERSION = YES;
				CLANG_WARN_INFINITE_RECURSION = YES;
				CLANG_WARN_INT_CONVERSION = YES;
				CLANG_WARN_NON_LITERAL_NULL_CONVERSION = YES;
				CLANG_WARN_OBJC_IMPLICIT_RETAIN_SELF = YES;
				CLANG_WARN_OBJC_LITERAL_CONVERSION = YES;
				CLANG_WARN_OBJC_ROOT_CLASS = YES_ERROR;
				CLANG_WARN_QUOTED_INCLUDE_IN_FRAMEWORK_HEADER = YES;
				CLANG_WARN_RANGE_LOOP_ANALYSIS = YES;
				CLANG_WARN_STRICT_PROTOTYPES = YES;
				CLANG_WARN_SUSPICIOUS_MOVE = YES;
				CLANG_WARN_UNGUARDED_AVAILABILITY = YES_AGGRESSIVE;
				CLANG_WARN_UNREACHABLE_CODE = YES;
				CLANG_WARN__DUPLICATE_METHOD_MATCH = YES;
				COPY_PHASE_STRIP = NO;
				DEBUG_INFORMATION_FORMAT = dwarf;
				ENABLE_STRICT_OBJC_MSGSEND = YES;
				ENABLE_TESTABILITY = YES;
				ENABLE_USER_SCRIPT_SANDBOXING = YES;
				GCC_C_LANGUAGE_STANDARD = gnu17;
				GCC_DYNAMIC_NO_PIC = NO;
				GCC_NO_COMMON_BLOCKS = YES;
				GCC_OPTIMIZATION_LEVEL = 0;
				GCC_PREPROCESSOR_DEFINITIONS = (
					"DEBUG=1",
					"$(inherited)",
				);
				GCC_WARN_64_TO_32_BIT_CONVERSION = YES;
				GCC_WARN_ABOUT_RETURN_TYPE = YES_ERROR;
				GCC_WARN_UNDECLARED_SELECTOR = YES;
				GCC_WARN_UNINITIALIZED_AUTOS = YES_AGGRESSIVE;
				GCC_WARN_UNUSED_FUNCTION = YES;
				GCC_WARN_UNUSED_VARIABLE = YES;
				IPHONEOS_DEPLOYMENT_TARGET = 17.2;
				LOCALIZATION_PREFERS_STRING_CATALOGS = YES;
				MTL_ENABLE_DEBUG_INFO = INCLUDE_SOURCE;
				MTL_FAST_MATH = YES;
				ONLY_ACTIVE_ARCH = YES;
				SDKROOT = iphoneos;
				SWIFT_ACTIVE_COMPILATION_CONDITIONS = "DEBUG $(inherited)";
				SWIFT_OPTIMIZATION_LEVEL = "-Onone";
			};
			name = Debug;
		};
		421888612BB076A900FF9B86 /* Release */ = {
			isa = XCBuildConfiguration;
			buildSettings = {
				ALWAYS_SEARCH_USER_PATHS = NO;
				ASSETCATALOG_COMPILER_GENERATE_SWIFT_ASSET_SYMBOL_EXTENSIONS = YES;
				CLANG_ANALYZER_NONNULL = YES;
				CLANG_ANALYZER_NUMBER_OBJECT_CONVERSION = YES_AGGRESSIVE;
				CLANG_CXX_LANGUAGE_STANDARD = "gnu++20";
				CLANG_ENABLE_MODULES = YES;
				CLANG_ENABLE_OBJC_ARC = YES;
				CLANG_ENABLE_OBJC_WEAK = YES;
				CLANG_WARN_BLOCK_CAPTURE_AUTORELEASING = YES;
				CLANG_WARN_BOOL_CONVERSION = YES;
				CLANG_WARN_COMMA = YES;
				CLANG_WARN_CONSTANT_CONVERSION = YES;
				CLANG_WARN_DEPRECATED_OBJC_IMPLEMENTATIONS = YES;
				CLANG_WARN_DIRECT_OBJC_ISA_USAGE = YES_ERROR;
				CLANG_WARN_DOCUMENTATION_COMMENTS = YES;
				CLANG_WARN_EMPTY_BODY = YES;
				CLANG_WARN_ENUM_CONVERSION = YES;
				CLANG_WARN_INFINITE_RECURSION = YES;
				CLANG_WARN_INT_CONVERSION = YES;
				CLANG_WARN_NON_LITERAL_NULL_CONVERSION = YES;
				CLANG_WARN_OBJC_IMPLICIT_RETAIN_SELF = YES;
				CLANG_WARN_OBJC_LITERAL_CONVERSION = YES;
				CLANG_WARN_OBJC_ROOT_CLASS = YES_ERROR;
				CLANG_WARN_QUOTED_INCLUDE_IN_FRAMEWORK_HEADER = YES;
				CLANG_WARN_RANGE_LOOP_ANALYSIS = YES;
				CLANG_WARN_STRICT_PROTOTYPES = YES;
				CLANG_WARN_SUSPICIOUS_MOVE = YES;
				CLANG_WARN_UNGUARDED_AVAILABILITY = YES_AGGRESSIVE;
				CLANG_WARN_UNREACHABLE_CODE = YES;
				CLANG_WARN__DUPLICATE_METHOD_MATCH = YES;
				COPY_PHASE_STRIP = NO;
				DEBUG_INFORMATION_FORMAT = "dwarf-with-dsym";
				ENABLE_NS_ASSERTIONS = NO;
				ENABLE_STRICT_OBJC_MSGSEND = YES;
				ENABLE_USER_SCRIPT_SANDBOXING = YES;
				GCC_C_LANGUAGE_STANDARD = gnu17;
				GCC_NO_COMMON_BLOCKS = YES;
				GCC_WARN_64_TO_32_BIT_CONVERSION = YES;
				GCC_WARN_ABOUT_RETURN_TYPE = YES_ERROR;
				GCC_WARN_UNDECLARED_SELECTOR = YES;
				GCC_WARN_UNINITIALIZED_AUTOS = YES_AGGRESSIVE;
				GCC_WARN_UNUSED_FUNCTION = YES;
				GCC_WARN_UNUSED_VARIABLE = YES;
				IPHONEOS_DEPLOYMENT_TARGET = 17.2;
				LOCALIZATION_PREFERS_STRING_CATALOGS = YES;
				MTL_ENABLE_DEBUG_INFO = NO;
				MTL_FAST_MATH = YES;
				SDKROOT = iphoneos;
				SWIFT_COMPILATION_MODE = wholemodule;
				VALIDATE_PRODUCT = YES;
			};
			name = Release;
		};
		421888632BB076A900FF9B86 /* Debug */ = {
			isa = XCBuildConfiguration;
			buildSettings = {
				ASSETCATALOG_COMPILER_APPICON_NAME = AppIcon;
				ASSETCATALOG_COMPILER_GLOBAL_ACCENT_COLOR_NAME = AccentColor;
				CODE_SIGN_STYLE = Automatic;
				CURRENT_PROJECT_VERSION = 1;
				DEVELOPMENT_ASSET_PATHS = "\"DFits/Preview Content\"";
				ENABLE_PREVIEWS = YES;
				GENERATE_INFOPLIST_FILE = YES;
				INFOPLIST_KEY_UIApplicationSceneManifest_Generation = YES;
				INFOPLIST_KEY_UIApplicationSupportsIndirectInputEvents = YES;
				INFOPLIST_KEY_UILaunchScreen_Generation = YES;
				INFOPLIST_KEY_UISupportedInterfaceOrientations_iPad = "UIInterfaceOrientationPortrait UIInterfaceOrientationPortraitUpsideDown UIInterfaceOrientationLandscapeLeft UIInterfaceOrientationLandscapeRight";
				INFOPLIST_KEY_UISupportedInterfaceOrientations_iPhone = "UIInterfaceOrientationPortrait UIInterfaceOrientationLandscapeLeft UIInterfaceOrientationLandscapeRight";
				LD_RUNPATH_SEARCH_PATHS = (
					"$(inherited)",
					"@executable_path/Frameworks",
				);
				MARKETING_VERSION = 1.0;
				PRODUCT_BUNDLE_IDENTIFIER = Dasun.DFits;
				PRODUCT_NAME = "$(TARGET_NAME)";
				SWIFT_EMIT_LOC_STRINGS = YES;
				SWIFT_VERSION = 5.0;
				TARGETED_DEVICE_FAMILY = "1,2";
			};
			name = Debug;
		};
		421888642BB076A900FF9B86 /* Release */ = {
			isa = XCBuildConfiguration;
			buildSettings = {
				ASSETCATALOG_COMPILER_APPICON_NAME = AppIcon;
				ASSETCATALOG_COMPILER_GLOBAL_ACCENT_COLOR_NAME = AccentColor;
				CODE_SIGN_STYLE = Automatic;
				CURRENT_PROJECT_VERSION = 1;
				DEVELOPMENT_ASSET_PATHS = "\"DFits/Preview Content\"";
				ENABLE_PREVIEWS = YES;
				GENERATE_INFOPLIST_FILE = YES;
				INFOPLIST_KEY_UIApplicationSceneManifest_Generation = YES;
				INFOPLIST_KEY_UIApplicationSupportsIndirectInputEvents = YES;
				INFOPLIST_KEY_UILaunchScreen_Generation = YES;
				INFOPLIST_KEY_UISupportedInterfaceOrientations_iPad = "UIInterfaceOrientationPortrait UIInterfaceOrientationPortraitUpsideDown UIInterfaceOrientationLandscapeLeft UIInterfaceOrientationLandscapeRight";
				INFOPLIST_KEY_UISupportedInterfaceOrientations_iPhone = "UIInterfaceOrientationPortrait UIInterfaceOrientationLandscapeLeft UIInterfaceOrientationLandscapeRight";
				LD_RUNPATH_SEARCH_PATHS = (
					"$(inherited)",
					"@executable_path/Frameworks",
				);
				MARKETING_VERSION = 1.0;
				PRODUCT_BUNDLE_IDENTIFIER = Dasun.DFits;
				PRODUCT_NAME = "$(TARGET_NAME)";
				SWIFT_EMIT_LOC_STRINGS = YES;
				SWIFT_VERSION = 5.0;
				TARGETED_DEVICE_FAMILY = "1,2";
			};
			name = Release;
		};
		421888662BB076A900FF9B86 /* Debug */ = {
			isa = XCBuildConfiguration;
			buildSettings = {
				ALWAYS_EMBED_SWIFT_STANDARD_LIBRARIES = YES;
				BUNDLE_LOADER = "$(TEST_HOST)";
				CODE_SIGN_STYLE = Automatic;
				CURRENT_PROJECT_VERSION = 1;
				GENERATE_INFOPLIST_FILE = YES;
				IPHONEOS_DEPLOYMENT_TARGET = 17.2;
				MARKETING_VERSION = 1.0;
				PRODUCT_BUNDLE_IDENTIFIER = Dasun.DFitsTests;
				PRODUCT_NAME = "$(TARGET_NAME)";
				SWIFT_EMIT_LOC_STRINGS = NO;
				SWIFT_VERSION = 5.0;
				TARGETED_DEVICE_FAMILY = "1,2";
				TEST_HOST = "$(BUILT_PRODUCTS_DIR)/DFits.app/$(BUNDLE_EXECUTABLE_FOLDER_PATH)/DFits";
			};
			name = Debug;
		};
		421888672BB076A900FF9B86 /* Release */ = {
			isa = XCBuildConfiguration;
			buildSettings = {
				ALWAYS_EMBED_SWIFT_STANDARD_LIBRARIES = YES;
				BUNDLE_LOADER = "$(TEST_HOST)";
				CODE_SIGN_STYLE = Automatic;
				CURRENT_PROJECT_VERSION = 1;
				GENERATE_INFOPLIST_FILE = YES;
				IPHONEOS_DEPLOYMENT_TARGET = 17.2;
				MARKETING_VERSION = 1.0;
				PRODUCT_BUNDLE_IDENTIFIER = Dasun.DFitsTests;
				PRODUCT_NAME = "$(TARGET_NAME)";
				SWIFT_EMIT_LOC_STRINGS = NO;
				SWIFT_VERSION = 5.0;
				TARGETED_DEVICE_FAMILY = "1,2";
				TEST_HOST = "$(BUILT_PRODUCTS_DIR)/DFits.app/$(BUNDLE_EXECUTABLE_FOLDER_PATH)/DFits";
			};
			name = Release;
		};
		421888692BB076A900FF9B86 /* Debug */ = {
			isa = XCBuildConfiguration;
			buildSettings = {
				ALWAYS_EMBED_SWIFT_STANDARD_LIBRARIES = YES;
				CODE_SIGN_STYLE = Automatic;
				CURRENT_PROJECT_VERSION = 1;
				GENERATE_INFOPLIST_FILE = YES;
				MARKETING_VERSION = 1.0;
				PRODUCT_BUNDLE_IDENTIFIER = Dasun.DFitsUITests;
				PRODUCT_NAME = "$(TARGET_NAME)";
				SWIFT_EMIT_LOC_STRINGS = NO;
				SWIFT_VERSION = 5.0;
				TARGETED_DEVICE_FAMILY = "1,2";
				TEST_TARGET_NAME = DFits;
			};
			name = Debug;
		};
		4218886A2BB076A900FF9B86 /* Release */ = {
			isa = XCBuildConfiguration;
			buildSettings = {
				ALWAYS_EMBED_SWIFT_STANDARD_LIBRARIES = YES;
				CODE_SIGN_STYLE = Automatic;
				CURRENT_PROJECT_VERSION = 1;
				GENERATE_INFOPLIST_FILE = YES;
				MARKETING_VERSION = 1.0;
				PRODUCT_BUNDLE_IDENTIFIER = Dasun.DFitsUITests;
				PRODUCT_NAME = "$(TARGET_NAME)";
				SWIFT_EMIT_LOC_STRINGS = NO;
				SWIFT_VERSION = 5.0;
				TARGETED_DEVICE_FAMILY = "1,2";
				TEST_TARGET_NAME = DFits;
			};
			name = Release;
		};
/* End XCBuildConfiguration section */

/* Begin XCConfigurationList section */
		421888392BB076A800FF9B86 /* Build configuration list for PBXProject "DFits" */ = {
			isa = XCConfigurationList;
			buildConfigurations = (
				421888602BB076A900FF9B86 /* Debug */,
				421888612BB076A900FF9B86 /* Release */,
			);
			defaultConfigurationIsVisible = 0;
			defaultConfigurationName = Release;
		};
		421888622BB076A900FF9B86 /* Build configuration list for PBXNativeTarget "DFits" */ = {
			isa = XCConfigurationList;
			buildConfigurations = (
				421888632BB076A900FF9B86 /* Debug */,
				421888642BB076A900FF9B86 /* Release */,
			);
			defaultConfigurationIsVisible = 0;
			defaultConfigurationName = Release;
		};
		421888652BB076A900FF9B86 /* Build configuration list for PBXNativeTarget "DFitsTests" */ = {
			isa = XCConfigurationList;
			buildConfigurations = (
				421888662BB076A900FF9B86 /* Debug */,
				421888672BB076A900FF9B86 /* Release */,
			);
			defaultConfigurationIsVisible = 0;
			defaultConfigurationName = Release;
		};
		421888682BB076A900FF9B86 /* Build configuration list for PBXNativeTarget "DFitsUITests" */ = {
			isa = XCConfigurationList;
			buildConfigurations = (
				421888692BB076A900FF9B86 /* Debug */,
				4218886A2BB076A900FF9B86 /* Release */,
			);
			defaultConfigurationIsVisible = 0;
			defaultConfigurationName = Release;
		};
/* End XCConfigurationList section */

/* Begin XCRemoteSwiftPackageReference section */
		424452B02BB97EFC00E7D836 /* XCRemoteSwiftPackageReference "swiftui-drawer" */ = {
			isa = XCRemoteSwiftPackageReference;
			repositoryURL = "https://github.com/maustinstar/swiftui-drawer";
			requirement = {
				branch = master;
				kind = branch;
			};
		};
/* End XCRemoteSwiftPackageReference section */

/* Begin XCSwiftPackageProductDependency section */
		424452B12BB97EFC00E7D836 /* Drawer */ = {
			isa = XCSwiftPackageProductDependency;
			package = 424452B02BB97EFC00E7D836 /* XCRemoteSwiftPackageReference "swiftui-drawer" */;
			productName = Drawer;
		};
/* End XCSwiftPackageProductDependency section */
	};
	rootObject = 421888362BB076A800FF9B86 /* Project object */;
}
